
Microsoft Visual Studio Solution File, Format Version 12.00
# Visual Studio Version 17
VisualStudioVersion = 17.2.32505.173
MinimumVisualStudioVersion = 10.0.40219.1
Project("{FAE04EC0-301F-11D3-BF4B-00C04F79EFBC}") = "MethodOverloading", "MethodOverloading\MethodOverloading.csproj", "{AE37596C-17F5-4550-984C-6CD70BA4CE24}"
EndProject
Global
	GlobalSection(SolutionConfigurationPlatforms) = preSolution
		Debug|Any CPU = Debug|Any CPU
		Release|Any CPU = Release|Any CPU
	EndGlobalSection
	GlobalSection(ProjectConfigurationPlatforms) = postSolution
		{AE37596C-17F5-4550-984C-6CD70BA4CE24}.Debug|Any CPU.ActiveCfg = Debug|Any CPU
		{AE37596C-17F5-4550-984C-6CD70BA4CE24}.Debug|Any CPU.Build.0 = Debug|Any CPU
		{AE37596C-17F5-4550-984C-6CD70BA4CE24}.Release|Any CPU.ActiveCfg = Release|Any CPU
		{AE37596C-17F5-4550-984C-6CD70BA4CE24}.Release|Any CPU.Build.0 = Release|Any CPU
	EndGlobalSection
	GlobalSection(SolutionProperties) = preSolution
		HideSolutionNode = FALSE
	EndGlobalSection
	GlobalSection(ExtensibilityGlobals) = postSolution
		SolutionGuid = {5D7970C6-0592-4FC8-817E-DFB2B71D24CD}
	EndGlobalSection
EndGlobal
